
Microsoft Visual Studio Solution File, Format Version 12.00
# Visual Studio 2013
VisualStudioVersion = 12.0.30110.0
MinimumVisualStudioVersion = 10.0.40219.1
Project("{FAE04EC0-301F-11D3-BF4B-00C04F79EFBC}") = "0. RapidGame.core", "src\RapidGame.core\0. RapidGame.core.csproj", "{EF5E0F86-56C6-4EB9-AB78-25C54376429E}"
EndProject
Project("{7CF6DF6D-3B04-46F8-A40B-537D21BCA0B4}") = "3. RapidGame.documentation", "src\RapidGame.documentation\3. RapidGame.documentation.shfbproj", "{ABBA7E78-4519-4588-AB15-F94EE2C55AF0}"
EndProject
Project("{FAE04EC0-301F-11D3-BF4B-00C04F79EFBC}") = "2. RapidGame.tests", "src\RapidGame.tests\2. RapidGame.tests.csproj", "{B9845590-0151-45A3-ABD1-167E3A80C31A}"
EndProject
Project("{2150E333-8FDC-42A3-9474-1A3956D46DE8}") = "Solution Items", "Solution Items", "{6756834E-1786-4F14-B4E5-3246E16111DE}"
	ProjectSection(SolutionItems) = preProject
		.gitattributes = .gitattributes
		.gitignore = .gitignore
		DOCUMENTATION.md = DOCUMENTATION.md
		future_ideas.txt = future_ideas.txt
		LICENSE = LICENSE
		README.md = README.md
	EndProjectSection
EndProject
Project("{FAE04EC0-301F-11D3-BF4B-00C04F79EFBC}") = "1. RapidGame.XNA", "1. RapidGame.XNA\1. RapidGame.XNA.csproj", "{0B0B5A95-BC9F-4982-AAA3-B002ECEE9690}"
EndProject
Global
	GlobalSection(SolutionConfigurationPlatforms) = preSolution
		Debug|Any CPU = Debug|Any CPU
		Release|Any CPU = Release|Any CPU
	EndGlobalSection
	GlobalSection(ProjectConfigurationPlatforms) = postSolution
		{EF5E0F86-56C6-4EB9-AB78-25C54376429E}.Debug|Any CPU.ActiveCfg = Debug|Any CPU
		{EF5E0F86-56C6-4EB9-AB78-25C54376429E}.Debug|Any CPU.Build.0 = Debug|Any CPU
		{EF5E0F86-56C6-4EB9-AB78-25C54376429E}.Release|Any CPU.ActiveCfg = Release|Any CPU
		{EF5E0F86-56C6-4EB9-AB78-25C54376429E}.Release|Any CPU.Build.0 = Release|Any CPU
		{ABBA7E78-4519-4588-AB15-F94EE2C55AF0}.Debug|Any CPU.ActiveCfg = Debug|Any CPU
		{ABBA7E78-4519-4588-AB15-F94EE2C55AF0}.Debug|Any CPU.Build.0 = Debug|Any CPU
		{ABBA7E78-4519-4588-AB15-F94EE2C55AF0}.Release|Any CPU.ActiveCfg = Release|Any CPU
		{ABBA7E78-4519-4588-AB15-F94EE2C55AF0}.Release|Any CPU.Build.0 = Release|Any CPU
		{B9845590-0151-45A3-ABD1-167E3A80C31A}.Debug|Any CPU.ActiveCfg = Debug|Any CPU
		{B9845590-0151-45A3-ABD1-167E3A80C31A}.Debug|Any CPU.Build.0 = Debug|Any CPU
		{B9845590-0151-45A3-ABD1-167E3A80C31A}.Release|Any CPU.ActiveCfg = Release|Any CPU
		{B9845590-0151-45A3-ABD1-167E3A80C31A}.Release|Any CPU.Build.0 = Release|Any CPU
		{0B0B5A95-BC9F-4982-AAA3-B002ECEE9690}.Debug|Any CPU.ActiveCfg = Debug|Any CPU
		{0B0B5A95-BC9F-4982-AAA3-B002ECEE9690}.Debug|Any CPU.Build.0 = Debug|Any CPU
		{0B0B5A95-BC9F-4982-AAA3-B002ECEE9690}.Release|Any CPU.ActiveCfg = Release|Any CPU
		{0B0B5A95-BC9F-4982-AAA3-B002ECEE9690}.Release|Any CPU.Build.0 = Release|Any CPU
	EndGlobalSection
	GlobalSection(SolutionProperties) = preSolution
		HideSolutionNode = FALSE
	EndGlobalSection
EndGlobal
