
Microsoft Visual Studio Solution File, Format Version 11.00
# Visual C# Express 2010
Project("{FAE04EC0-301F-11D3-BF4B-00C04F79EFBC}") = "RapidXNA 2.0", "RapidXNA 2.0\RapidXNA 2.0.csproj", "{F8B798F9-4679-45B0-8DC9-FE49D54E8C54}"
	ProjectSection(ProjectDependencies) = postProject
		{5E3E8EDC-5CA1-4195-BFC2-2D37333CA0EC} = {5E3E8EDC-5CA1-4195-BFC2-2D37333CA0EC}
	EndProjectSection
EndProject
Project("{FAE04EC0-301F-11D3-BF4B-00C04F79EFBC}") = "RapidXNA 2.0 WP7", "RapidXNA 2.0\RapidXNA 2.0 WP7.csproj", "{7E1ECD5D-E124-4696-BB67-B0654FDC6B8A}"
	ProjectSection(ProjectDependencies) = postProject
		{CE2BCEEE-F439-4C7C-98EE-1182494C877C} = {CE2BCEEE-F439-4C7C-98EE-1182494C877C}
	EndProjectSection
EndProject
Project("{FAE04EC0-301F-11D3-BF4B-00C04F79EFBC}") = "RapidXNA 2.0 360", "RapidXNA 2.0\RapidXNA 2.0 360.csproj", "{CE2BCEEE-F439-4C7C-98EE-1182494C877C}"
	ProjectSection(ProjectDependencies) = postProject
		{5E3E8EDC-5CA1-4195-BFC2-2D37333CA0EC} = {5E3E8EDC-5CA1-4195-BFC2-2D37333CA0EC}
	EndProjectSection
EndProject
Project("{FAE04EC0-301F-11D3-BF4B-00C04F79EFBC}") = "RapidXNA 2.0 Helpers", "RapidXNA 2.0 Helpers\RapidXNA 2.0 Helpers.csproj", "{5E3E8EDC-5CA1-4195-BFC2-2D37333CA0EC}"
EndProject
Global
	GlobalSection(SolutionConfigurationPlatforms) = preSolution
		Debug|Any CPU = Debug|Any CPU
		Debug|Mixed Platforms = Debug|Mixed Platforms
		Debug|Windows Phone = Debug|Windows Phone
		Debug|x86 = Debug|x86
		Debug|Xbox 360 = Debug|Xbox 360
		Release|Any CPU = Release|Any CPU
		Release|Mixed Platforms = Release|Mixed Platforms
		Release|Windows Phone = Release|Windows Phone
		Release|x86 = Release|x86
		Release|Xbox 360 = Release|Xbox 360
	EndGlobalSection
	GlobalSection(ProjectConfigurationPlatforms) = postSolution
		{F8B798F9-4679-45B0-8DC9-FE49D54E8C54}.Debug|Any CPU.ActiveCfg = Debug|x86
		{F8B798F9-4679-45B0-8DC9-FE49D54E8C54}.Debug|Mixed Platforms.ActiveCfg = Debug|x86
		{F8B798F9-4679-45B0-8DC9-FE49D54E8C54}.Debug|Mixed Platforms.Build.0 = Debug|x86
		{F8B798F9-4679-45B0-8DC9-FE49D54E8C54}.Debug|Windows Phone.ActiveCfg = Debug|x86
		{F8B798F9-4679-45B0-8DC9-FE49D54E8C54}.Debug|Windows Phone.Build.0 = Debug|x86
		{F8B798F9-4679-45B0-8DC9-FE49D54E8C54}.Debug|x86.ActiveCfg = Debug|x86
		{F8B798F9-4679-45B0-8DC9-FE49D54E8C54}.Debug|x86.Build.0 = Debug|x86
		{F8B798F9-4679-45B0-8DC9-FE49D54E8C54}.Debug|Xbox 360.ActiveCfg = Debug|x86
		{F8B798F9-4679-45B0-8DC9-FE49D54E8C54}.Debug|Xbox 360.Build.0 = Debug|x86
		{F8B798F9-4679-45B0-8DC9-FE49D54E8C54}.Release|Any CPU.ActiveCfg = Release|x86
		{F8B798F9-4679-45B0-8DC9-FE49D54E8C54}.Release|Mixed Platforms.ActiveCfg = Release|x86
		{F8B798F9-4679-45B0-8DC9-FE49D54E8C54}.Release|Mixed Platforms.Build.0 = Release|x86
		{F8B798F9-4679-45B0-8DC9-FE49D54E8C54}.Release|Windows Phone.ActiveCfg = Release|x86
		{F8B798F9-4679-45B0-8DC9-FE49D54E8C54}.Release|Windows Phone.Build.0 = Release|x86
		{F8B798F9-4679-45B0-8DC9-FE49D54E8C54}.Release|x86.ActiveCfg = Release|x86
		{F8B798F9-4679-45B0-8DC9-FE49D54E8C54}.Release|x86.Build.0 = Release|x86
		{F8B798F9-4679-45B0-8DC9-FE49D54E8C54}.Release|Xbox 360.ActiveCfg = Release|x86
		{F8B798F9-4679-45B0-8DC9-FE49D54E8C54}.Release|Xbox 360.Build.0 = Release|x86
		{7E1ECD5D-E124-4696-BB67-B0654FDC6B8A}.Debug|Any CPU.ActiveCfg = Debug|Windows Phone
		{7E1ECD5D-E124-4696-BB67-B0654FDC6B8A}.Debug|Mixed Platforms.ActiveCfg = Debug|Windows Phone
		{7E1ECD5D-E124-4696-BB67-B0654FDC6B8A}.Debug|Mixed Platforms.Build.0 = Debug|Windows Phone
		{7E1ECD5D-E124-4696-BB67-B0654FDC6B8A}.Debug|Windows Phone.ActiveCfg = Debug|Windows Phone
		{7E1ECD5D-E124-4696-BB67-B0654FDC6B8A}.Debug|Windows Phone.Build.0 = Debug|Windows Phone
		{7E1ECD5D-E124-4696-BB67-B0654FDC6B8A}.Debug|x86.ActiveCfg = Debug|Windows Phone
		{7E1ECD5D-E124-4696-BB67-B0654FDC6B8A}.Debug|Xbox 360.ActiveCfg = Debug|Windows Phone
		{7E1ECD5D-E124-4696-BB67-B0654FDC6B8A}.Debug|Xbox 360.Build.0 = Debug|Windows Phone
		{7E1ECD5D-E124-4696-BB67-B0654FDC6B8A}.Release|Any CPU.ActiveCfg = Release|Windows Phone
		{7E1ECD5D-E124-4696-BB67-B0654FDC6B8A}.Release|Mixed Platforms.ActiveCfg = Release|Windows Phone
		{7E1ECD5D-E124-4696-BB67-B0654FDC6B8A}.Release|Mixed Platforms.Build.0 = Release|Windows Phone
		{7E1ECD5D-E124-4696-BB67-B0654FDC6B8A}.Release|Windows Phone.ActiveCfg = Release|Windows Phone
		{7E1ECD5D-E124-4696-BB67-B0654FDC6B8A}.Release|Windows Phone.Build.0 = Release|Windows Phone
		{7E1ECD5D-E124-4696-BB67-B0654FDC6B8A}.Release|x86.ActiveCfg = Release|Windows Phone
		{7E1ECD5D-E124-4696-BB67-B0654FDC6B8A}.Release|Xbox 360.ActiveCfg = Release|Windows Phone
		{7E1ECD5D-E124-4696-BB67-B0654FDC6B8A}.Release|Xbox 360.Build.0 = Release|Windows Phone
		{CE2BCEEE-F439-4C7C-98EE-1182494C877C}.Debug|Any CPU.ActiveCfg = Debug|Xbox 360
		{CE2BCEEE-F439-4C7C-98EE-1182494C877C}.Debug|Mixed Platforms.ActiveCfg = Debug|Xbox 360
		{CE2BCEEE-F439-4C7C-98EE-1182494C877C}.Debug|Mixed Platforms.Build.0 = Debug|Xbox 360
		{CE2BCEEE-F439-4C7C-98EE-1182494C877C}.Debug|Windows Phone.ActiveCfg = Debug|Xbox 360
		{CE2BCEEE-F439-4C7C-98EE-1182494C877C}.Debug|x86.ActiveCfg = Debug|Xbox 360
		{CE2BCEEE-F439-4C7C-98EE-1182494C877C}.Debug|Xbox 360.ActiveCfg = Debug|Xbox 360
		{CE2BCEEE-F439-4C7C-98EE-1182494C877C}.Debug|Xbox 360.Build.0 = Debug|Xbox 360
		{CE2BCEEE-F439-4C7C-98EE-1182494C877C}.Release|Any CPU.ActiveCfg = Release|Xbox 360
		{CE2BCEEE-F439-4C7C-98EE-1182494C877C}.Release|Mixed Platforms.ActiveCfg = Release|Xbox 360
		{CE2BCEEE-F439-4C7C-98EE-1182494C877C}.Release|Mixed Platforms.Build.0 = Release|Xbox 360
		{CE2BCEEE-F439-4C7C-98EE-1182494C877C}.Release|Windows Phone.ActiveCfg = Release|Xbox 360
		{CE2BCEEE-F439-4C7C-98EE-1182494C877C}.Release|x86.ActiveCfg = Release|Xbox 360
		{CE2BCEEE-F439-4C7C-98EE-1182494C877C}.Release|Xbox 360.ActiveCfg = Release|Xbox 360
		{CE2BCEEE-F439-4C7C-98EE-1182494C877C}.Release|Xbox 360.Build.0 = Release|Xbox 360
		{5E3E8EDC-5CA1-4195-BFC2-2D37333CA0EC}.Debug|Any CPU.ActiveCfg = Debug|Any CPU
		{5E3E8EDC-5CA1-4195-BFC2-2D37333CA0EC}.Debug|Any CPU.Build.0 = Debug|Any CPU
		{5E3E8EDC-5CA1-4195-BFC2-2D37333CA0EC}.Debug|Mixed Platforms.ActiveCfg = Debug|Any CPU
		{5E3E8EDC-5CA1-4195-BFC2-2D37333CA0EC}.Debug|Mixed Platforms.Build.0 = Debug|Any CPU
		{5E3E8EDC-5CA1-4195-BFC2-2D37333CA0EC}.Debug|Windows Phone.ActiveCfg = Debug|Any CPU
		{5E3E8EDC-5CA1-4195-BFC2-2D37333CA0EC}.Debug|x86.ActiveCfg = Debug|Any CPU
		{5E3E8EDC-5CA1-4195-BFC2-2D37333CA0EC}.Debug|Xbox 360.ActiveCfg = Debug|Any CPU
		{5E3E8EDC-5CA1-4195-BFC2-2D37333CA0EC}.Release|Any CPU.ActiveCfg = Release|Any CPU
		{5E3E8EDC-5CA1-4195-BFC2-2D37333CA0EC}.Release|Any CPU.Build.0 = Release|Any CPU
		{5E3E8EDC-5CA1-4195-BFC2-2D37333CA0EC}.Release|Mixed Platforms.ActiveCfg = Release|Any CPU
		{5E3E8EDC-5CA1-4195-BFC2-2D37333CA0EC}.Release|Mixed Platforms.Build.0 = Release|Any CPU
		{5E3E8EDC-5CA1-4195-BFC2-2D37333CA0EC}.Release|Windows Phone.ActiveCfg = Release|Any CPU
		{5E3E8EDC-5CA1-4195-BFC2-2D37333CA0EC}.Release|x86.ActiveCfg = Release|Any CPU
		{5E3E8EDC-5CA1-4195-BFC2-2D37333CA0EC}.Release|Xbox 360.ActiveCfg = Release|Any CPU
	EndGlobalSection
	GlobalSection(SolutionProperties) = preSolution
		HideSolutionNode = FALSE
	EndGlobalSection
EndGlobal
